// !$*UTF8*$!
{
	archiveVersion = 1;
	classes = {
	};
	objectVersion = 46;
	objects = {

/* Begin PBXBuildFile section */
		E0969EB81C6D9C0E00932AA0 /* SDL2.framework in Frameworks */ = {isa = PBXBuildFile; fileRef = E0969EB71C6D9C0E00932AA0 /* SDL2.framework */; };
		E0969EBA1C6D9C2400932AA0 /* SDL2_image.framework in Frameworks */ = {isa = PBXBuildFile; fileRef = E0969EB91C6D9C2400932AA0 /* SDL2_image.framework */; };
		E0969EBC1C6D9CF500932AA0 /* SDL2_ttf.framework in Frameworks */ = {isa = PBXBuildFile; fileRef = E0969EBB1C6D9CF500932AA0 /* SDL2_ttf.framework */; };
		E0CD32DF1CBD0E8E007AB3BB /* main.cpp in Sources */ = {isa = PBXBuildFile; fileRef = E0CD32B91CBD0E8E007AB3BB /* main.cpp */; };
		E0CD32E01CBD0E8E007AB3BB /* TRAnimator.cpp in Sources */ = {isa = PBXBuildFile; fileRef = E0CD32BB1CBD0E8E007AB3BB /* TRAnimator.cpp */; };
		E0CD32E11CBD0E8E007AB3BB /* TRBgm.cpp in Sources */ = {isa = PBXBuildFile; fileRef = E0CD32BD1CBD0E8E007AB3BB /* TRBgm.cpp */; };
		E0CD32E21CBD0E8E007AB3BB /* TRBullet.cpp in Sources */ = {isa = PBXBuildFile; fileRef = E0CD32BF1CBD0E8E007AB3BB /* TRBullet.cpp */; };
		E0CD32E31CBD0E8E007AB3BB /* TREnemy.cpp in Sources */ = {isa = PBXBuildFile; fileRef = E0CD32C11CBD0E8E007AB3BB /* TREnemy.cpp */; };
		E0CD32E41CBD0E8E007AB3BB /* TRGameController.cpp in Sources */ = {isa = PBXBuildFile; fileRef = E0CD32C31CBD0E8E007AB3BB /* TRGameController.cpp */; };
		E0CD32E51CBD0E8E007AB3BB /* TRGrider.cpp in Sources */ = {isa = PBXBuildFile; fileRef = E0CD32C51CBD0E8E007AB3BB /* TRGrider.cpp */; };
		E0CD32E61CBD0E8E007AB3BB /* TRHero.cpp in Sources */ = {isa = PBXBuildFile; fileRef = E0CD32C71CBD0E8E007AB3BB /* TRHero.cpp */; };
		E0CD32E71CBD0E8E007AB3BB /* TRhp.cpp in Sources */ = {isa = PBXBuildFile; fileRef = E0CD32C91CBD0E8E007AB3BB /* TRhp.cpp */; };
		E0CD32E81CBD0E8E007AB3BB /* TRInterface.cpp in Sources */ = {isa = PBXBuildFile; fileRef = E0CD32CB1CBD0E8E007AB3BB /* TRInterface.cpp */; };
		E0CD32E91CBD0E8E007AB3BB /* TRItem.cpp in Sources */ = {isa = PBXBuildFile; fileRef = E0CD32CD1CBD0E8E007AB3BB /* TRItem.cpp */; };
		E0CD32EB1CBD0E8E007AB3BB /* TRMapTile.cpp in Sources */ = {isa = PBXBuildFile; fileRef = E0CD32D11CBD0E8E007AB3BB /* TRMapTile.cpp */; };
		E0CD32EC1CBD0E8E007AB3BB /* TRObject.cpp in Sources */ = {isa = PBXBuildFile; fileRef = E0CD32D31CBD0E8E007AB3BB /* TRObject.cpp */; };
		E0CD32ED1CBD0E8E007AB3BB /* TRPathFinder.cpp in Sources */ = {isa = PBXBuildFile; fileRef = E0CD32D51CBD0E8E007AB3BB /* TRPathFinder.cpp */; };
		E0CD32EE1CBD0E8E007AB3BB /* TRSprite.cpp in Sources */ = {isa = PBXBuildFile; fileRef = E0CD32D71CBD0E8E007AB3BB /* TRSprite.cpp */; };
		E0CD32EF1CBD0E8E007AB3BB /* TRTexture.cpp in Sources */ = {isa = PBXBuildFile; fileRef = E0CD32D91CBD0E8E007AB3BB /* TRTexture.cpp */; };
		E0CD32F01CBD0E8E007AB3BB /* TRTimer.cpp in Sources */ = {isa = PBXBuildFile; fileRef = E0CD32DB1CBD0E8E007AB3BB /* TRTimer.cpp */; };
		E0CD32F11CBD0E8E007AB3BB /* TRTrap.cpp in Sources */ = {isa = PBXBuildFile; fileRef = E0CD32DD1CBD0E8E007AB3BB /* TRTrap.cpp */; };
		E0F0A7621C99A965003ECDA5 /* SDL2_mixer.framework in Frameworks */ = {isa = PBXBuildFile; fileRef = E0F0A7611C99A965003ECDA5 /* SDL2_mixer.framework */; };
/* End PBXBuildFile section */

/* Begin PBXCopyFilesBuildPhase section */
		E0969EA51C6CEC2000932AA0 /* CopyFiles */ = {
			isa = PBXCopyFilesBuildPhase;
			buildActionMask = 2147483647;
			dstPath = /usr/share/man/man1/;
			dstSubfolderSpec = 0;
			files = (
			);
			runOnlyForDeploymentPostprocessing = 1;
		};
/* End PBXCopyFilesBuildPhase section */

/* Begin PBXFileReference section */
		E0969EA71C6CEC2000932AA0 /* TombRaider */ = {isa = PBXFileReference; explicitFileType = "compiled.mach-o.executable"; includeInIndex = 0; path = TombRaider; sourceTree = BUILT_PRODUCTS_DIR; };
		E0969EB71C6D9C0E00932AA0 /* SDL2.framework */ = {isa = PBXFileReference; lastKnownFileType = wrapper.framework; name = SDL2.framework; path = /Library/Frameworks/SDL2.framework; sourceTree = "<absolute>"; };
		E0969EB91C6D9C2400932AA0 /* SDL2_image.framework */ = {isa = PBXFileReference; lastKnownFileType = wrapper.framework; name = SDL2_image.framework; path = /Library/Frameworks/SDL2_image.framework; sourceTree = "<absolute>"; };
		E0969EBB1C6D9CF500932AA0 /* SDL2_ttf.framework */ = {isa = PBXFileReference; lastKnownFileType = wrapper.framework; name = SDL2_ttf.framework; path = /Library/Frameworks/SDL2_ttf.framework; sourceTree = "<absolute>"; };
		E0CD32B91CBD0E8E007AB3BB /* main.cpp */ = {isa = PBXFileReference; fileEncoding = 4; lastKnownFileType = sourcecode.cpp.cpp; path = main.cpp; sourceTree = "<group>"; };
		E0CD32BA1CBD0E8E007AB3BB /* SkButton.h */ = {isa = PBXFileReference; fileEncoding = 4; lastKnownFileType = sourcecode.c.h; path = SkButton.h; sourceTree = "<group>"; };
		E0CD32BB1CBD0E8E007AB3BB /* TRAnimator.cpp */ = {isa = PBXFileReference; fileEncoding = 4; lastKnownFileType = sourcecode.cpp.cpp; path = TRAnimator.cpp; sourceTree = "<group>"; };
		E0CD32BC1CBD0E8E007AB3BB /* TRAnimator.hpp */ = {isa = PBXFileReference; fileEncoding = 4; lastKnownFileType = sourcecode.cpp.h; path = TRAnimator.hpp; sourceTree = "<group>"; };
		E0CD32BD1CBD0E8E007AB3BB /* TRBgm.cpp */ = {isa = PBXFileReference; fileEncoding = 4; lastKnownFileType = sourcecode.cpp.cpp; path = TRBgm.cpp; sourceTree = "<group>"; };
		E0CD32BE1CBD0E8E007AB3BB /* TRBgm.h */ = {isa = PBXFileReference; fileEncoding = 4; lastKnownFileType = sourcecode.c.h; path = TRBgm.h; sourceTree = "<group>"; };
		E0CD32BF1CBD0E8E007AB3BB /* TRBullet.cpp */ = {isa = PBXFileReference; fileEncoding = 4; lastKnownFileType = sourcecode.cpp.cpp; path = TRBullet.cpp; sourceTree = "<group>"; };
		E0CD32C01CBD0E8E007AB3BB /* TRBullet.hpp */ = {isa = PBXFileReference; fileEncoding = 4; lastKnownFileType = sourcecode.cpp.h; path = TRBullet.hpp; sourceTree = "<group>"; };
		E0CD32C11CBD0E8E007AB3BB /* TREnemy.cpp */ = {isa = PBXFileReference; fileEncoding = 4; lastKnownFileType = sourcecode.cpp.cpp; path = TREnemy.cpp; sourceTree = "<group>"; };
		E0CD32C21CBD0E8E007AB3BB /* TREnemy.hpp */ = {isa = PBXFileReference; fileEncoding = 4; lastKnownFileType = sourcecode.cpp.h; path = TREnemy.hpp; sourceTree = "<group>"; };
		E0CD32C31CBD0E8E007AB3BB /* TRGameController.cpp */ = {isa = PBXFileReference; fileEncoding = 4; lastKnownFileType = sourcecode.cpp.cpp; path = TRGameController.cpp; sourceTree = "<group>"; };
		E0CD32C41CBD0E8E007AB3BB /* TRGameController.hpp */ = {isa = PBXFileReference; fileEncoding = 4; lastKnownFileType = sourcecode.cpp.h; path = TRGameController.hpp; sourceTree = "<group>"; };
		E0CD32C51CBD0E8E007AB3BB /* TRGrider.cpp */ = {isa = PBXFileReference; fileEncoding = 4; lastKnownFileType = sourcecode.cpp.cpp; path = TRGrider.cpp; sourceTree = "<group>"; };
		E0CD32C61CBD0E8E007AB3BB /* TRGrider.hpp */ = {isa = PBXFileReference; fileEncoding = 4; lastKnownFileType = sourcecode.cpp.h; path = TRGrider.hpp; sourceTree = "<group>"; };
		E0CD32C71CBD0E8E007AB3BB /* TRHero.cpp */ = {isa = PBXFileReference; fileEncoding = 4; lastKnownFileType = sourcecode.cpp.cpp; path = TRHero.cpp; sourceTree = "<group>"; };
		E0CD32C81CBD0E8E007AB3BB /* TRHero.hpp */ = {isa = PBXFileReference; fileEncoding = 4; lastKnownFileType = sourcecode.cpp.h; path = TRHero.hpp; sourceTree = "<group>"; };
		E0CD32C91CBD0E8E007AB3BB /* TRhp.cpp */ = {isa = PBXFileReference; fileEncoding = 4; lastKnownFileType = sourcecode.cpp.cpp; path = TRhp.cpp; sourceTree = "<group>"; };
		E0CD32CA1CBD0E8E007AB3BB /* TRhp.h */ = {isa = PBXFileReference; fileEncoding = 4; lastKnownFileType = sourcecode.c.h; path = TRhp.h; sourceTree = "<group>"; };
		E0CD32CB1CBD0E8E007AB3BB /* TRInterface.cpp */ = {isa = PBXFileReference; fileEncoding = 4; lastKnownFileType = sourcecode.cpp.cpp; path = TRInterface.cpp; sourceTree = "<group>"; };
		E0CD32CC1CBD0E8E007AB3BB /* TRInterface.h */ = {isa = PBXFileReference; fileEncoding = 4; lastKnownFileType = sourcecode.c.h; path = TRInterface.h; sourceTree = "<group>"; };
		E0CD32CD1CBD0E8E007AB3BB /* TRItem.cpp */ = {isa = PBXFileReference; fileEncoding = 4; lastKnownFileType = sourcecode.cpp.cpp; path = TRItem.cpp; sourceTree = "<group>"; };
		E0CD32CE1CBD0E8E007AB3BB /* TRItem.hpp */ = {isa = PBXFileReference; fileEncoding = 4; lastKnownFileType = sourcecode.cpp.h; path = TRItem.hpp; sourceTree = "<group>"; };
		E0CD32D11CBD0E8E007AB3BB /* TRMapTile.cpp */ = {isa = PBXFileReference; fileEncoding = 4; lastKnownFileType = sourcecode.cpp.cpp; path = TRMapTile.cpp; sourceTree = "<group>"; };
		E0CD32D21CBD0E8E007AB3BB /* TRMapTile.hpp */ = {isa = PBXFileReference; fileEncoding = 4; lastKnownFileType = sourcecode.cpp.h; path = TRMapTile.hpp; sourceTree = "<group>"; };
		E0CD32D31CBD0E8E007AB3BB /* TRObject.cpp */ = {isa = PBXFileReference; fileEncoding = 4; lastKnownFileType = sourcecode.cpp.cpp; path = TRObject.cpp; sourceTree = "<group>"; };
		E0CD32D41CBD0E8E007AB3BB /* TRObject.hpp */ = {isa = PBXFileReference; fileEncoding = 4; lastKnownFileType = sourcecode.cpp.h; path = TRObject.hpp; sourceTree = "<group>"; };
		E0CD32D51CBD0E8E007AB3BB /* TRPathFinder.cpp */ = {isa = PBXFileReference; fileEncoding = 4; lastKnownFileType = sourcecode.cpp.cpp; path = TRPathFinder.cpp; sourceTree = "<group>"; };
		E0CD32D61CBD0E8E007AB3BB /* TRPathFinder.hpp */ = {isa = PBXFileReference; fileEncoding = 4; lastKnownFileType = sourcecode.cpp.h; path = TRPathFinder.hpp; sourceTree = "<group>"; };
		E0CD32D71CBD0E8E007AB3BB /* TRSprite.cpp */ = {isa = PBXFileReference; fileEncoding = 4; lastKnownFileType = sourcecode.cpp.cpp; path = TRSprite.cpp; sourceTree = "<group>"; };
		E0CD32D81CBD0E8E007AB3BB /* TRSprite.hpp */ = {isa = PBXFileReference; fileEncoding = 4; lastKnownFileType = sourcecode.cpp.h; path = TRSprite.hpp; sourceTree = "<group>"; };
		E0CD32D91CBD0E8E007AB3BB /* TRTexture.cpp */ = {isa = PBXFileReference; fileEncoding = 4; lastKnownFileType = sourcecode.cpp.cpp; path = TRTexture.cpp; sourceTree = "<group>"; };
		E0CD32DA1CBD0E8E007AB3BB /* TRTexture.hpp */ = {isa = PBXFileReference; fileEncoding = 4; lastKnownFileType = sourcecode.cpp.h; path = TRTexture.hpp; sourceTree = "<group>"; };
		E0CD32DB1CBD0E8E007AB3BB /* TRTimer.cpp */ = {isa = PBXFileReference; fileEncoding = 4; lastKnownFileType = sourcecode.cpp.cpp; path = TRTimer.cpp; sourceTree = "<group>"; };
		E0CD32DC1CBD0E8E007AB3BB /* TRTimer.hpp */ = {isa = PBXFileReference; fileEncoding = 4; lastKnownFileType = sourcecode.cpp.h; path = TRTimer.hpp; sourceTree = "<group>"; };
		E0CD32DD1CBD0E8E007AB3BB /* TRTrap.cpp */ = {isa = PBXFileReference; fileEncoding = 4; lastKnownFileType = sourcecode.cpp.cpp; path = TRTrap.cpp; sourceTree = "<group>"; };
		E0CD32DE1CBD0E8E007AB3BB /* TRTrap.hpp */ = {isa = PBXFileReference; fileEncoding = 4; lastKnownFileType = sourcecode.cpp.h; path = TRTrap.hpp; sourceTree = "<group>"; };
		E0F0A7601C99A8EC003ECDA5 /* Resources */ = {isa = PBXFileReference; lastKnownFileType = folder; path = Resources; sourceTree = "<group>"; };
		E0F0A7611C99A965003ECDA5 /* SDL2_mixer.framework */ = {isa = PBXFileReference; lastKnownFileType = wrapper.framework; name = SDL2_mixer.framework; path = /Library/Frameworks/SDL2_mixer.framework; sourceTree = "<absolute>"; };
/* End PBXFileReference section */

/* Begin PBXFrameworksBuildPhase section */
		E0969EA41C6CEC2000932AA0 /* Frameworks */ = {
			isa = PBXFrameworksBuildPhase;
			buildActionMask = 2147483647;
			files = (
				E0F0A7621C99A965003ECDA5 /* SDL2_mixer.framework in Frameworks */,
				E0969EBC1C6D9CF500932AA0 /* SDL2_ttf.framework in Frameworks */,
				E0969EBA1C6D9C2400932AA0 /* SDL2_image.framework in Frameworks */,
				E0969EB81C6D9C0E00932AA0 /* SDL2.framework in Frameworks */,
			);
			runOnlyForDeploymentPostprocessing = 0;
		};
/* End PBXFrameworksBuildPhase section */

/* Begin PBXGroup section */
		E0969E9E1C6CEC2000932AA0 = {
			isa = PBXGroup;
			children = (
				E0969EA91C6CEC2000932AA0 /* Sources */,
				E0F0A7601C99A8EC003ECDA5 /* Resources */,
				E0969EA81C6CEC2000932AA0 /* Products */,
				E0D7633A1C9D8D650019DA1E /* Frameworks */,
			);
			sourceTree = "<group>";
		};
		E0969EA81C6CEC2000932AA0 /* Products */ = {
			isa = PBXGroup;
			children = (
				E0969EA71C6CEC2000932AA0 /* TombRaider */,
			);
			name = Products;
			sourceTree = "<group>";
		};
		E0969EA91C6CEC2000932AA0 /* Sources */ = {
			isa = PBXGroup;
			children = (
				E0CD32B91CBD0E8E007AB3BB /* main.cpp */,
				E0CD32BA1CBD0E8E007AB3BB /* SkButton.h */,
				E0CD32BB1CBD0E8E007AB3BB /* TRAnimator.cpp */,
				E0CD32BC1CBD0E8E007AB3BB /* TRAnimator.hpp */,
				E0CD32BD1CBD0E8E007AB3BB /* TRBgm.cpp */,
				E0CD32BE1CBD0E8E007AB3BB /* TRBgm.h */,
				E0CD32BF1CBD0E8E007AB3BB /* TRBullet.cpp */,
				E0CD32C01CBD0E8E007AB3BB /* TRBullet.hpp */,
				E0CD32C11CBD0E8E007AB3BB /* TREnemy.cpp */,
				E0CD32C21CBD0E8E007AB3BB /* TREnemy.hpp */,
				E0CD32C31CBD0E8E007AB3BB /* TRGameController.cpp */,
				E0CD32C41CBD0E8E007AB3BB /* TRGameController.hpp */,
				E0CD32C51CBD0E8E007AB3BB /* TRGrider.cpp */,
				E0CD32C61CBD0E8E007AB3BB /* TRGrider.hpp */,
				E0CD32C71CBD0E8E007AB3BB /* TRHero.cpp */,
				E0CD32C81CBD0E8E007AB3BB /* TRHero.hpp */,
				E0CD32C91CBD0E8E007AB3BB /* TRhp.cpp */,
				E0CD32CA1CBD0E8E007AB3BB /* TRhp.h */,
				E0CD32CB1CBD0E8E007AB3BB /* TRInterface.cpp */,
				E0CD32CC1CBD0E8E007AB3BB /* TRInterface.h */,
				E0CD32CD1CBD0E8E007AB3BB /* TRItem.cpp */,
				E0CD32CE1CBD0E8E007AB3BB /* TRItem.hpp */,
				E0CD32D11CBD0E8E007AB3BB /* TRMapTile.cpp */,
				E0CD32D21CBD0E8E007AB3BB /* TRMapTile.hpp */,
				E0CD32D31CBD0E8E007AB3BB /* TRObject.cpp */,
				E0CD32D41CBD0E8E007AB3BB /* TRObject.hpp */,
				E0CD32D51CBD0E8E007AB3BB /* TRPathFinder.cpp */,
				E0CD32D61CBD0E8E007AB3BB /* TRPathFinder.hpp */,
				E0CD32D71CBD0E8E007AB3BB /* TRSprite.cpp */,
				E0CD32D81CBD0E8E007AB3BB /* TRSprite.hpp */,
				E0CD32D91CBD0E8E007AB3BB /* TRTexture.cpp */,
				E0CD32DA1CBD0E8E007AB3BB /* TRTexture.hpp */,
				E0CD32DB1CBD0E8E007AB3BB /* TRTimer.cpp */,
				E0CD32DC1CBD0E8E007AB3BB /* TRTimer.hpp */,
				E0CD32DD1CBD0E8E007AB3BB /* TRTrap.cpp */,
				E0CD32DE1CBD0E8E007AB3BB /* TRTrap.hpp */,
			);
			name = Sources;
			path = TombRaider;
			sourceTree = "<group>";
		};
		E0D7633A1C9D8D650019DA1E /* Frameworks */ = {
			isa = PBXGroup;
			children = (
				E0969EBB1C6D9CF500932AA0 /* SDL2_ttf.framework */,
				E0969EB91C6D9C2400932AA0 /* SDL2_image.framework */,
				E0969EB71C6D9C0E00932AA0 /* SDL2.framework */,
				E0F0A7611C99A965003ECDA5 /* SDL2_mixer.framework */,
			);
			name = Frameworks;
			sourceTree = "<group>";
		};
/* End PBXGroup section */

/* Begin PBXNativeTarget section */
		E0969EA61C6CEC2000932AA0 /* TombRaider */ = {
			isa = PBXNativeTarget;
			buildConfigurationList = E0969EAE1C6CEC2000932AA0 /* Build configuration list for PBXNativeTarget "TombRaider" */;
			buildPhases = (
				E0969EA31C6CEC2000932AA0 /* Sources */,
				E0969EA41C6CEC2000932AA0 /* Frameworks */,
				E0969EA51C6CEC2000932AA0 /* CopyFiles */,
			);
			buildRules = (
			);
			dependencies = (
			);
			name = TombRaider;
			productName = TombRaider;
			productReference = E0969EA71C6CEC2000932AA0 /* TombRaider */;
			productType = "com.apple.product-type.tool";
		};
/* End PBXNativeTarget section */

/* Begin PBXProject section */
		E0969E9F1C6CEC2000932AA0 /* Project object */ = {
			isa = PBXProject;
			attributes = {
				LastUpgradeCheck = 0720;
				ORGANIZATIONNAME = hahaschool;
				TargetAttributes = {
					E0969EA61C6CEC2000932AA0 = {
						CreatedOnToolsVersion = 7.2;
					};
				};
			};
			buildConfigurationList = E0969EA21C6CEC2000932AA0 /* Build configuration list for PBXProject "TombRaider" */;
			compatibilityVersion = "Xcode 3.2";
			developmentRegion = English;
			hasScannedForEncodings = 0;
			knownRegions = (
				en,
			);
			mainGroup = E0969E9E1C6CEC2000932AA0;
			productRefGroup = E0969EA81C6CEC2000932AA0 /* Products */;
			projectDirPath = "";
			projectRoot = "";
			targets = (
				E0969EA61C6CEC2000932AA0 /* TombRaider */,
			);
		};
/* End PBXProject section */

/* Begin PBXSourcesBuildPhase section */
		E0969EA31C6CEC2000932AA0 /* Sources */ = {
			isa = PBXSourcesBuildPhase;
			buildActionMask = 2147483647;
			files = (
				E0CD32E71CBD0E8E007AB3BB /* TRhp.cpp in Sources */,
				E0CD32E31CBD0E8E007AB3BB /* TREnemy.cpp in Sources */,
				E0CD32E91CBD0E8E007AB3BB /* TRItem.cpp in Sources */,
				E0CD32E01CBD0E8E007AB3BB /* TRAnimator.cpp in Sources */,
				E0CD32F01CBD0E8E007AB3BB /* TRTimer.cpp in Sources */,
				E0CD32E81CBD0E8E007AB3BB /* TRInterface.cpp in Sources */,
				E0CD32EF1CBD0E8E007AB3BB /* TRTexture.cpp in Sources */,
				E0CD32EC1CBD0E8E007AB3BB /* TRObject.cpp in Sources */,
				E0CD32EB1CBD0E8E007AB3BB /* TRMapTile.cpp in Sources */,
				E0CD32E11CBD0E8E007AB3BB /* TRBgm.cpp in Sources */,
				E0CD32DF1CBD0E8E007AB3BB /* main.cpp in Sources */,
				E0CD32EE1CBD0E8E007AB3BB /* TRSprite.cpp in Sources */,
				E0CD32ED1CBD0E8E007AB3BB /* TRPathFinder.cpp in Sources */,
				E0CD32E51CBD0E8E007AB3BB /* TRGrider.cpp in Sources */,
				E0CD32F11CBD0E8E007AB3BB /* TRTrap.cpp in Sources */,
				E0CD32E21CBD0E8E007AB3BB /* TRBullet.cpp in Sources */,
				E0CD32E41CBD0E8E007AB3BB /* TRGameController.cpp in Sources */,
				E0CD32E61CBD0E8E007AB3BB /* TRHero.cpp in Sources */,
			);
			runOnlyForDeploymentPostprocessing = 0;
		};
/* End PBXSourcesBuildPhase section */

/* Begin XCBuildConfiguration section */
		E0969EAC1C6CEC2000932AA0 /* Debug */ = {
			isa = XCBuildConfiguration;
			buildSettings = {
				ALWAYS_SEARCH_USER_PATHS = NO;
				CLANG_CXX_LANGUAGE_STANDARD = "gnu++0x";
				CLANG_CXX_LIBRARY = "libc++";
				CLANG_ENABLE_MODULES = YES;
				CLANG_ENABLE_OBJC_ARC = YES;
				CLANG_WARN_BOOL_CONVERSION = YES;
				CLANG_WARN_CONSTANT_CONVERSION = YES;
				CLANG_WARN_DIRECT_OBJC_ISA_USAGE = YES_ERROR;
				CLANG_WARN_EMPTY_BODY = YES;
				CLANG_WARN_ENUM_CONVERSION = YES;
				CLANG_WARN_INT_CONVERSION = YES;
				CLANG_WARN_OBJC_ROOT_CLASS = YES_ERROR;
				CLANG_WARN_UNREACHABLE_CODE = YES;
				CLANG_WARN__DUPLICATE_METHOD_MATCH = YES;
				CODE_SIGN_IDENTITY = "-";
				COPY_PHASE_STRIP = NO;
				DEBUG_INFORMATION_FORMAT = dwarf;
				ENABLE_STRICT_OBJC_MSGSEND = YES;
				ENABLE_TESTABILITY = YES;
				GCC_C_LANGUAGE_STANDARD = gnu99;
				GCC_DYNAMIC_NO_PIC = NO;
				GCC_NO_COMMON_BLOCKS = YES;
				GCC_OPTIMIZATION_LEVEL = 0;
				GCC_PREPROCESSOR_DEFINITIONS = (
					"DEBUG=1",
					"$(inherited)",
				);
				GCC_WARN_64_TO_32_BIT_CONVERSION = YES;
				GCC_WARN_ABOUT_RETURN_TYPE = YES_ERROR;
				GCC_WARN_UNDECLARED_SELECTOR = YES;
				GCC_WARN_UNINITIALIZED_AUTOS = YES_AGGRESSIVE;
				GCC_WARN_UNUSED_FUNCTION = YES;
				GCC_WARN_UNUSED_VARIABLE = YES;
				MACOSX_DEPLOYMENT_TARGET = 10.11;
				MTL_ENABLE_DEBUG_INFO = YES;
				ONLY_ACTIVE_ARCH = YES;
				SDKROOT = macosx;
			};
			name = Debug;
		};
		E0969EAD1C6CEC2000932AA0 /* Release */ = {
			isa = XCBuildConfiguration;
			buildSettings = {
				ALWAYS_SEARCH_USER_PATHS = NO;
				CLANG_CXX_LANGUAGE_STANDARD = "gnu++0x";
				CLANG_CXX_LIBRARY = "libc++";
				CLANG_ENABLE_MODULES = YES;
				CLANG_ENABLE_OBJC_ARC = YES;
				CLANG_WARN_BOOL_CONVERSION = YES;
				CLANG_WARN_CONSTANT_CONVERSION = YES;
				CLANG_WARN_DIRECT_OBJC_ISA_USAGE = YES_ERROR;
				CLANG_WARN_EMPTY_BODY = YES;
				CLANG_WARN_ENUM_CONVERSION = YES;
				CLANG_WARN_INT_CONVERSION = YES;
				CLANG_WARN_OBJC_ROOT_CLASS = YES_ERROR;
				CLANG_WARN_UNREACHABLE_CODE = YES;
				CLANG_WARN__DUPLICATE_METHOD_MATCH = YES;
				CODE_SIGN_IDENTITY = "-";
				COPY_PHASE_STRIP = NO;
				DEBUG_INFORMATION_FORMAT = "dwarf-with-dsym";
				ENABLE_NS_ASSERTIONS = NO;
				ENABLE_STRICT_OBJC_MSGSEND = YES;
				GCC_C_LANGUAGE_STANDARD = gnu99;
				GCC_NO_COMMON_BLOCKS = YES;
				GCC_WARN_64_TO_32_BIT_CONVERSION = YES;
				GCC_WARN_ABOUT_RETURN_TYPE = YES_ERROR;
				GCC_WARN_UNDECLARED_SELECTOR = YES;
				GCC_WARN_UNINITIALIZED_AUTOS = YES_AGGRESSIVE;
				GCC_WARN_UNUSED_FUNCTION = YES;
				GCC_WARN_UNUSED_VARIABLE = YES;
				MACOSX_DEPLOYMENT_TARGET = 10.11;
				MTL_ENABLE_DEBUG_INFO = NO;
				SDKROOT = macosx;
			};
			name = Release;
		};
		E0969EAF1C6CEC2000932AA0 /* Debug */ = {
			isa = XCBuildConfiguration;
			buildSettings = {
				FRAMEWORK_SEARCH_PATHS = (
					"$(inherited)",
					"$(LOCAL_LIBRARY_DIR)/Frameworks",
				);
				PRODUCT_NAME = "$(TARGET_NAME)";
			};
			name = Debug;
		};
		E0969EB01C6CEC2000932AA0 /* Release */ = {
			isa = XCBuildConfiguration;
			buildSettings = {
				FRAMEWORK_SEARCH_PATHS = (
					"$(inherited)",
					"$(LOCAL_LIBRARY_DIR)/Frameworks",
				);
				PRODUCT_NAME = "$(TARGET_NAME)";
			};
			name = Release;
		};
/* End XCBuildConfiguration section */

/* Begin XCConfigurationList section */
		E0969EA21C6CEC2000932AA0 /* Build configuration list for PBXProject "TombRaider" */ = {
			isa = XCConfigurationList;
			buildConfigurations = (
				E0969EAC1C6CEC2000932AA0 /* Debug */,
				E0969EAD1C6CEC2000932AA0 /* Release */,
			);
			defaultConfigurationIsVisible = 0;
			defaultConfigurationName = Release;
		};
		E0969EAE1C6CEC2000932AA0 /* Build configuration list for PBXNativeTarget "TombRaider" */ = {
			isa = XCConfigurationList;
			buildConfigurations = (
				E0969EAF1C6CEC2000932AA0 /* Debug */,
				E0969EB01C6CEC2000932AA0 /* Release */,
			);
			defaultConfigurationIsVisible = 0;
			defaultConfigurationName = Release;
		};
/* End XCConfigurationList section */
	};
	rootObject = E0969E9F1C6CEC2000932AA0 /* Project object */;
}
