// !$*UTF8*$!
{
	archiveVersion = 1;
	classes = {
	};
	objectVersion = 46;
	objects = {

/* Begin PBXBuildFile section */
		E0969EAB1C6CEC2000932AA0 /* main.cpp in Sources */ = {isa = PBXBuildFile; fileRef = E0969EAA1C6CEC2000932AA0 /* main.cpp */; };
		E0969EB31C6D9B9200932AA0 /* TRTexture.cpp in Sources */ = {isa = PBXBuildFile; fileRef = E0969EB11C6D9B9200932AA0 /* TRTexture.cpp */; };
		E0969EB61C6D9BB000932AA0 /* TRObject.cpp in Sources */ = {isa = PBXBuildFile; fileRef = E0969EB41C6D9BB000932AA0 /* TRObject.cpp */; };
		E0969EB81C6D9C0E00932AA0 /* SDL2.framework in Frameworks */ = {isa = PBXBuildFile; fileRef = E0969EB71C6D9C0E00932AA0 /* SDL2.framework */; };
		E0969EBA1C6D9C2400932AA0 /* SDL2_image.framework in Frameworks */ = {isa = PBXBuildFile; fileRef = E0969EB91C6D9C2400932AA0 /* SDL2_image.framework */; };
		E0969EBC1C6D9CF500932AA0 /* SDL2_ttf.framework in Frameworks */ = {isa = PBXBuildFile; fileRef = E0969EBB1C6D9CF500932AA0 /* SDL2_ttf.framework */; };
		E0969EBF1C6DDF1700932AA0 /* TRTimer.cpp in Sources */ = {isa = PBXBuildFile; fileRef = E0969EBD1C6DDF1700932AA0 /* TRTimer.cpp */; };
		E0969EC21C6E1E7B00932AA0 /* TRAnimator.cpp in Sources */ = {isa = PBXBuildFile; fileRef = E0969EC01C6E1E7B00932AA0 /* TRAnimator.cpp */; };
		E0969EC51C6E390000932AA0 /* TRHero.cpp in Sources */ = {isa = PBXBuildFile; fileRef = E0969EC31C6E390000932AA0 /* TRHero.cpp */; };
		E0969EC81C6E42DA00932AA0 /* TRMapTile.cpp in Sources */ = {isa = PBXBuildFile; fileRef = E0969EC61C6E42D900932AA0 /* TRMapTile.cpp */; };
		E0969ECB1C6E484800932AA0 /* TREnemy.cpp in Sources */ = {isa = PBXBuildFile; fileRef = E0969EC91C6E484800932AA0 /* TREnemy.cpp */; };
		E0969ECE1C6E48AD00932AA0 /* TRSprite.cpp in Sources */ = {isa = PBXBuildFile; fileRef = E0969ECC1C6E48AD00932AA0 /* TRSprite.cpp */; };
		E0969ED11C6E4CD600932AA0 /* TRGameController.cpp in Sources */ = {isa = PBXBuildFile; fileRef = E0969ECF1C6E4CD600932AA0 /* TRGameController.cpp */; };
		E0B68DD01C71C7A6004DB5E7 /* TRBullet.cpp in Sources */ = {isa = PBXBuildFile; fileRef = E0B68DCE1C71C7A6004DB5E7 /* TRBullet.cpp */; };
		E0F931F41C7083F4006ED7E3 /* TRPathFinder.cpp in Sources */ = {isa = PBXBuildFile; fileRef = E0F931F21C7083F4006ED7E3 /* TRPathFinder.cpp */; };
		E0F931F71C70BFC6006ED7E3 /* TRGrider.cpp in Sources */ = {isa = PBXBuildFile; fileRef = E0F931F51C70BFC6006ED7E3 /* TRGrider.cpp */; };
/* End PBXBuildFile section */

/* Begin PBXCopyFilesBuildPhase section */
		E0969EA51C6CEC2000932AA0 /* CopyFiles */ = {
			isa = PBXCopyFilesBuildPhase;
			buildActionMask = 2147483647;
			dstPath = /usr/share/man/man1/;
			dstSubfolderSpec = 0;
			files = (
			);
			runOnlyForDeploymentPostprocessing = 1;
		};
/* End PBXCopyFilesBuildPhase section */

/* Begin PBXFileReference section */
		E0969EA71C6CEC2000932AA0 /* TombRaider */ = {isa = PBXFileReference; explicitFileType = "compiled.mach-o.executable"; includeInIndex = 0; path = TombRaider; sourceTree = BUILT_PRODUCTS_DIR; };
		E0969EAA1C6CEC2000932AA0 /* main.cpp */ = {isa = PBXFileReference; lastKnownFileType = sourcecode.cpp.cpp; path = main.cpp; sourceTree = "<group>"; };
		E0969EB11C6D9B9200932AA0 /* TRTexture.cpp */ = {isa = PBXFileReference; fileEncoding = 4; lastKnownFileType = sourcecode.cpp.cpp; path = TRTexture.cpp; sourceTree = "<group>"; };
		E0969EB21C6D9B9200932AA0 /* TRTexture.hpp */ = {isa = PBXFileReference; fileEncoding = 4; lastKnownFileType = sourcecode.cpp.h; path = TRTexture.hpp; sourceTree = "<group>"; };
		E0969EB41C6D9BB000932AA0 /* TRObject.cpp */ = {isa = PBXFileReference; fileEncoding = 4; lastKnownFileType = sourcecode.cpp.cpp; path = TRObject.cpp; sourceTree = "<group>"; };
		E0969EB51C6D9BB000932AA0 /* TRObject.hpp */ = {isa = PBXFileReference; fileEncoding = 4; lastKnownFileType = sourcecode.cpp.h; path = TRObject.hpp; sourceTree = "<group>"; };
		E0969EB71C6D9C0E00932AA0 /* SDL2.framework */ = {isa = PBXFileReference; lastKnownFileType = wrapper.framework; name = SDL2.framework; path = ../../../../Library/Frameworks/SDL2.framework; sourceTree = "<group>"; };
		E0969EB91C6D9C2400932AA0 /* SDL2_image.framework */ = {isa = PBXFileReference; lastKnownFileType = wrapper.framework; name = SDL2_image.framework; path = ../../../../Library/Frameworks/SDL2_image.framework; sourceTree = "<group>"; };
		E0969EBB1C6D9CF500932AA0 /* SDL2_ttf.framework */ = {isa = PBXFileReference; lastKnownFileType = wrapper.framework; name = SDL2_ttf.framework; path = ../../../../Library/Frameworks/SDL2_ttf.framework; sourceTree = "<group>"; };
		E0969EBD1C6DDF1700932AA0 /* TRTimer.cpp */ = {isa = PBXFileReference; fileEncoding = 4; lastKnownFileType = sourcecode.cpp.cpp; path = TRTimer.cpp; sourceTree = "<group>"; };
		E0969EBE1C6DDF1700932AA0 /* TRTimer.hpp */ = {isa = PBXFileReference; fileEncoding = 4; lastKnownFileType = sourcecode.cpp.h; path = TRTimer.hpp; sourceTree = "<group>"; };
		E0969EC01C6E1E7B00932AA0 /* TRAnimator.cpp */ = {isa = PBXFileReference; fileEncoding = 4; lastKnownFileType = sourcecode.cpp.cpp; path = TRAnimator.cpp; sourceTree = "<group>"; };
		E0969EC11C6E1E7B00932AA0 /* TRAnimator.hpp */ = {isa = PBXFileReference; fileEncoding = 4; lastKnownFileType = sourcecode.cpp.h; path = TRAnimator.hpp; sourceTree = "<group>"; };
		E0969EC31C6E390000932AA0 /* TRHero.cpp */ = {isa = PBXFileReference; fileEncoding = 4; lastKnownFileType = sourcecode.cpp.cpp; path = TRHero.cpp; sourceTree = "<group>"; };
		E0969EC41C6E390000932AA0 /* TRHero.hpp */ = {isa = PBXFileReference; fileEncoding = 4; lastKnownFileType = sourcecode.cpp.h; path = TRHero.hpp; sourceTree = "<group>"; };
		E0969EC61C6E42D900932AA0 /* TRMapTile.cpp */ = {isa = PBXFileReference; fileEncoding = 4; lastKnownFileType = sourcecode.cpp.cpp; path = TRMapTile.cpp; sourceTree = "<group>"; };
		E0969EC71C6E42D900932AA0 /* TRMapTile.hpp */ = {isa = PBXFileReference; fileEncoding = 4; lastKnownFileType = sourcecode.cpp.h; path = TRMapTile.hpp; sourceTree = "<group>"; };
		E0969EC91C6E484800932AA0 /* TREnemy.cpp */ = {isa = PBXFileReference; fileEncoding = 4; lastKnownFileType = sourcecode.cpp.cpp; path = TREnemy.cpp; sourceTree = "<group>"; };
		E0969ECA1C6E484800932AA0 /* TREnemy.hpp */ = {isa = PBXFileReference; fileEncoding = 4; lastKnownFileType = sourcecode.cpp.h; path = TREnemy.hpp; sourceTree = "<group>"; };
		E0969ECC1C6E48AD00932AA0 /* TRSprite.cpp */ = {isa = PBXFileReference; fileEncoding = 4; lastKnownFileType = sourcecode.cpp.cpp; path = TRSprite.cpp; sourceTree = "<group>"; };
		E0969ECD1C6E48AD00932AA0 /* TRSprite.hpp */ = {isa = PBXFileReference; fileEncoding = 4; lastKnownFileType = sourcecode.cpp.h; path = TRSprite.hpp; sourceTree = "<group>"; };
		E0969ECF1C6E4CD600932AA0 /* TRGameController.cpp */ = {isa = PBXFileReference; fileEncoding = 4; lastKnownFileType = sourcecode.cpp.cpp; path = TRGameController.cpp; sourceTree = "<group>"; };
		E0969ED01C6E4CD600932AA0 /* TRGameController.hpp */ = {isa = PBXFileReference; fileEncoding = 4; lastKnownFileType = sourcecode.cpp.h; path = TRGameController.hpp; sourceTree = "<group>"; };
		E0B68DCE1C71C7A6004DB5E7 /* TRBullet.cpp */ = {isa = PBXFileReference; fileEncoding = 4; lastKnownFileType = sourcecode.cpp.cpp; path = TRBullet.cpp; sourceTree = "<group>"; };
		E0B68DCF1C71C7A6004DB5E7 /* TRBullet.hpp */ = {isa = PBXFileReference; fileEncoding = 4; lastKnownFileType = sourcecode.cpp.h; path = TRBullet.hpp; sourceTree = "<group>"; };
		E0B68DD31C74CB18004DB5E7 /* Resources */ = {isa = PBXFileReference; lastKnownFileType = folder; path = Resources; sourceTree = "<group>"; };
		E0F931F21C7083F4006ED7E3 /* TRPathFinder.cpp */ = {isa = PBXFileReference; fileEncoding = 4; lastKnownFileType = sourcecode.cpp.cpp; path = TRPathFinder.cpp; sourceTree = "<group>"; };
		E0F931F31C7083F4006ED7E3 /* TRPathFinder.hpp */ = {isa = PBXFileReference; fileEncoding = 4; lastKnownFileType = sourcecode.cpp.h; path = TRPathFinder.hpp; sourceTree = "<group>"; };
		E0F931F51C70BFC6006ED7E3 /* TRGrider.cpp */ = {isa = PBXFileReference; fileEncoding = 4; lastKnownFileType = sourcecode.cpp.cpp; path = TRGrider.cpp; sourceTree = "<group>"; };
		E0F931F61C70BFC6006ED7E3 /* TRGrider.hpp */ = {isa = PBXFileReference; fileEncoding = 4; lastKnownFileType = sourcecode.cpp.h; path = TRGrider.hpp; sourceTree = "<group>"; };
/* End PBXFileReference section */

/* Begin PBXFrameworksBuildPhase section */
		E0969EA41C6CEC2000932AA0 /* Frameworks */ = {
			isa = PBXFrameworksBuildPhase;
			buildActionMask = 2147483647;
			files = (
				E0969EBC1C6D9CF500932AA0 /* SDL2_ttf.framework in Frameworks */,
				E0969EBA1C6D9C2400932AA0 /* SDL2_image.framework in Frameworks */,
				E0969EB81C6D9C0E00932AA0 /* SDL2.framework in Frameworks */,
			);
			runOnlyForDeploymentPostprocessing = 0;
		};
/* End PBXFrameworksBuildPhase section */

/* Begin PBXGroup section */
		E0969E9E1C6CEC2000932AA0 = {
			isa = PBXGroup;
			children = (
				E0B68DD31C74CB18004DB5E7 /* Resources */,
				E0969EBB1C6D9CF500932AA0 /* SDL2_ttf.framework */,
				E0969EB91C6D9C2400932AA0 /* SDL2_image.framework */,
				E0969EB71C6D9C0E00932AA0 /* SDL2.framework */,
				E0969EA91C6CEC2000932AA0 /* TombRaider */,
				E0969EA81C6CEC2000932AA0 /* Products */,
			);
			sourceTree = "<group>";
		};
		E0969EA81C6CEC2000932AA0 /* Products */ = {
			isa = PBXGroup;
			children = (
				E0969EA71C6CEC2000932AA0 /* TombRaider */,
			);
			name = Products;
			sourceTree = "<group>";
		};
		E0969EA91C6CEC2000932AA0 /* TombRaider */ = {
			isa = PBXGroup;
			children = (
				E0969EAA1C6CEC2000932AA0 /* main.cpp */,
				E0F931F51C70BFC6006ED7E3 /* TRGrider.cpp */,
				E0F931F61C70BFC6006ED7E3 /* TRGrider.hpp */,
				E0F931F21C7083F4006ED7E3 /* TRPathFinder.cpp */,
				E0F931F31C7083F4006ED7E3 /* TRPathFinder.hpp */,
				E0969ECF1C6E4CD600932AA0 /* TRGameController.cpp */,
				E0969ED01C6E4CD600932AA0 /* TRGameController.hpp */,
				E0969EB11C6D9B9200932AA0 /* TRTexture.cpp */,
				E0969EB21C6D9B9200932AA0 /* TRTexture.hpp */,
				E0969EB41C6D9BB000932AA0 /* TRObject.cpp */,
				E0969EB51C6D9BB000932AA0 /* TRObject.hpp */,
				E0969ECC1C6E48AD00932AA0 /* TRSprite.cpp */,
				E0969ECD1C6E48AD00932AA0 /* TRSprite.hpp */,
				E0969EC61C6E42D900932AA0 /* TRMapTile.cpp */,
				E0969EC71C6E42D900932AA0 /* TRMapTile.hpp */,
				E0B68DCE1C71C7A6004DB5E7 /* TRBullet.cpp */,
				E0B68DCF1C71C7A6004DB5E7 /* TRBullet.hpp */,
				E0969EC31C6E390000932AA0 /* TRHero.cpp */,
				E0969EC41C6E390000932AA0 /* TRHero.hpp */,
				E0969EC91C6E484800932AA0 /* TREnemy.cpp */,
				E0969ECA1C6E484800932AA0 /* TREnemy.hpp */,
				E0969EC01C6E1E7B00932AA0 /* TRAnimator.cpp */,
				E0969EC11C6E1E7B00932AA0 /* TRAnimator.hpp */,
				E0969EBD1C6DDF1700932AA0 /* TRTimer.cpp */,
				E0969EBE1C6DDF1700932AA0 /* TRTimer.hpp */,
			);
			path = TombRaider;
			sourceTree = "<group>";
		};
/* End PBXGroup section */

/* Begin PBXNativeTarget section */
		E0969EA61C6CEC2000932AA0 /* TombRaider */ = {
			isa = PBXNativeTarget;
			buildConfigurationList = E0969EAE1C6CEC2000932AA0 /* Build configuration list for PBXNativeTarget "TombRaider" */;
			buildPhases = (
				E0969EA31C6CEC2000932AA0 /* Sources */,
				E0969EA41C6CEC2000932AA0 /* Frameworks */,
				E0969EA51C6CEC2000932AA0 /* CopyFiles */,
			);
			buildRules = (
			);
			dependencies = (
			);
			name = TombRaider;
			productName = TombRaider;
			productReference = E0969EA71C6CEC2000932AA0 /* TombRaider */;
			productType = "com.apple.product-type.tool";
		};
/* End PBXNativeTarget section */

/* Begin PBXProject section */
		E0969E9F1C6CEC2000932AA0 /* Project object */ = {
			isa = PBXProject;
			attributes = {
				LastUpgradeCheck = 0720;
				ORGANIZATIONNAME = hahaschool;
				TargetAttributes = {
					E0969EA61C6CEC2000932AA0 = {
						CreatedOnToolsVersion = 7.2;
					};
				};
			};
			buildConfigurationList = E0969EA21C6CEC2000932AA0 /* Build configuration list for PBXProject "TombRaider" */;
			compatibilityVersion = "Xcode 3.2";
			developmentRegion = English;
			hasScannedForEncodings = 0;
			knownRegions = (
				en,
			);
			mainGroup = E0969E9E1C6CEC2000932AA0;
			productRefGroup = E0969EA81C6CEC2000932AA0 /* Products */;
			projectDirPath = "";
			projectRoot = "";
			targets = (
				E0969EA61C6CEC2000932AA0 /* TombRaider */,
			);
		};
/* End PBXProject section */

/* Begin PBXSourcesBuildPhase section */
		E0969EA31C6CEC2000932AA0 /* Sources */ = {
			isa = PBXSourcesBuildPhase;
			buildActionMask = 2147483647;
			files = (
				E0969ECB1C6E484800932AA0 /* TREnemy.cpp in Sources */,
				E0969EB61C6D9BB000932AA0 /* TRObject.cpp in Sources */,
				E0B68DD01C71C7A6004DB5E7 /* TRBullet.cpp in Sources */,
				E0969EC51C6E390000932AA0 /* TRHero.cpp in Sources */,
				E0969ECE1C6E48AD00932AA0 /* TRSprite.cpp in Sources */,
				E0F931F71C70BFC6006ED7E3 /* TRGrider.cpp in Sources */,
				E0F931F41C7083F4006ED7E3 /* TRPathFinder.cpp in Sources */,
				E0969EAB1C6CEC2000932AA0 /* main.cpp in Sources */,
				E0969EC21C6E1E7B00932AA0 /* TRAnimator.cpp in Sources */,
				E0969EC81C6E42DA00932AA0 /* TRMapTile.cpp in Sources */,
				E0969ED11C6E4CD600932AA0 /* TRGameController.cpp in Sources */,
				E0969EB31C6D9B9200932AA0 /* TRTexture.cpp in Sources */,
				E0969EBF1C6DDF1700932AA0 /* TRTimer.cpp in Sources */,
			);
			runOnlyForDeploymentPostprocessing = 0;
		};
/* End PBXSourcesBuildPhase section */

/* Begin XCBuildConfiguration section */
		E0969EAC1C6CEC2000932AA0 /* Debug */ = {
			isa = XCBuildConfiguration;
			buildSettings = {
				ALWAYS_SEARCH_USER_PATHS = NO;
				CLANG_CXX_LANGUAGE_STANDARD = "gnu++0x";
				CLANG_CXX_LIBRARY = "libc++";
				CLANG_ENABLE_MODULES = YES;
				CLANG_ENABLE_OBJC_ARC = YES;
				CLANG_WARN_BOOL_CONVERSION = YES;
				CLANG_WARN_CONSTANT_CONVERSION = YES;
				CLANG_WARN_DIRECT_OBJC_ISA_USAGE = YES_ERROR;
				CLANG_WARN_EMPTY_BODY = YES;
				CLANG_WARN_ENUM_CONVERSION = YES;
				CLANG_WARN_INT_CONVERSION = YES;
				CLANG_WARN_OBJC_ROOT_CLASS = YES_ERROR;
				CLANG_WARN_UNREACHABLE_CODE = YES;
				CLANG_WARN__DUPLICATE_METHOD_MATCH = YES;
				CODE_SIGN_IDENTITY = "-";
				COPY_PHASE_STRIP = NO;
				DEBUG_INFORMATION_FORMAT = dwarf;
				ENABLE_STRICT_OBJC_MSGSEND = YES;
				ENABLE_TESTABILITY = YES;
				GCC_C_LANGUAGE_STANDARD = gnu99;
				GCC_DYNAMIC_NO_PIC = NO;
				GCC_NO_COMMON_BLOCKS = YES;
				GCC_OPTIMIZATION_LEVEL = 0;
				GCC_PREPROCESSOR_DEFINITIONS = (
					"DEBUG=1",
					"$(inherited)",
				);
				GCC_WARN_64_TO_32_BIT_CONVERSION = YES;
				GCC_WARN_ABOUT_RETURN_TYPE = YES_ERROR;
				GCC_WARN_UNDECLARED_SELECTOR = YES;
				GCC_WARN_UNINITIALIZED_AUTOS = YES_AGGRESSIVE;
				GCC_WARN_UNUSED_FUNCTION = YES;
				GCC_WARN_UNUSED_VARIABLE = YES;
				MACOSX_DEPLOYMENT_TARGET = 10.11;
				MTL_ENABLE_DEBUG_INFO = YES;
				ONLY_ACTIVE_ARCH = YES;
				SDKROOT = macosx;
			};
			name = Debug;
		};
		E0969EAD1C6CEC2000932AA0 /* Release */ = {
			isa = XCBuildConfiguration;
			buildSettings = {
				ALWAYS_SEARCH_USER_PATHS = NO;
				CLANG_CXX_LANGUAGE_STANDARD = "gnu++0x";
				CLANG_CXX_LIBRARY = "libc++";
				CLANG_ENABLE_MODULES = YES;
				CLANG_ENABLE_OBJC_ARC = YES;
				CLANG_WARN_BOOL_CONVERSION = YES;
				CLANG_WARN_CONSTANT_CONVERSION = YES;
				CLANG_WARN_DIRECT_OBJC_ISA_USAGE = YES_ERROR;
				CLANG_WARN_EMPTY_BODY = YES;
				CLANG_WARN_ENUM_CONVERSION = YES;
				CLANG_WARN_INT_CONVERSION = YES;
				CLANG_WARN_OBJC_ROOT_CLASS = YES_ERROR;
				CLANG_WARN_UNREACHABLE_CODE = YES;
				CLANG_WARN__DUPLICATE_METHOD_MATCH = YES;
				CODE_SIGN_IDENTITY = "-";
				COPY_PHASE_STRIP = NO;
				DEBUG_INFORMATION_FORMAT = "dwarf-with-dsym";
				ENABLE_NS_ASSERTIONS = NO;
				ENABLE_STRICT_OBJC_MSGSEND = YES;
				GCC_C_LANGUAGE_STANDARD = gnu99;
				GCC_NO_COMMON_BLOCKS = YES;
				GCC_WARN_64_TO_32_BIT_CONVERSION = YES;
				GCC_WARN_ABOUT_RETURN_TYPE = YES_ERROR;
				GCC_WARN_UNDECLARED_SELECTOR = YES;
				GCC_WARN_UNINITIALIZED_AUTOS = YES_AGGRESSIVE;
				GCC_WARN_UNUSED_FUNCTION = YES;
				GCC_WARN_UNUSED_VARIABLE = YES;
				MACOSX_DEPLOYMENT_TARGET = 10.11;
				MTL_ENABLE_DEBUG_INFO = NO;
				SDKROOT = macosx;
			};
			name = Release;
		};
		E0969EAF1C6CEC2000932AA0 /* Debug */ = {
			isa = XCBuildConfiguration;
			buildSettings = {
				FRAMEWORK_SEARCH_PATHS = (
					"$(inherited)",
					"$(LOCAL_LIBRARY_DIR)/Frameworks",
				);
				PRODUCT_NAME = "$(TARGET_NAME)";
			};
			name = Debug;
		};
		E0969EB01C6CEC2000932AA0 /* Release */ = {
			isa = XCBuildConfiguration;
			buildSettings = {
				FRAMEWORK_SEARCH_PATHS = (
					"$(inherited)",
					"$(LOCAL_LIBRARY_DIR)/Frameworks",
				);
				PRODUCT_NAME = "$(TARGET_NAME)";
			};
			name = Release;
		};
/* End XCBuildConfiguration section */

/* Begin XCConfigurationList section */
		E0969EA21C6CEC2000932AA0 /* Build configuration list for PBXProject "TombRaider" */ = {
			isa = XCConfigurationList;
			buildConfigurations = (
				E0969EAC1C6CEC2000932AA0 /* Debug */,
				E0969EAD1C6CEC2000932AA0 /* Release */,
			);
			defaultConfigurationIsVisible = 0;
			defaultConfigurationName = Release;
		};
		E0969EAE1C6CEC2000932AA0 /* Build configuration list for PBXNativeTarget "TombRaider" */ = {
			isa = XCConfigurationList;
			buildConfigurations = (
				E0969EAF1C6CEC2000932AA0 /* Debug */,
				E0969EB01C6CEC2000932AA0 /* Release */,
			);
			defaultConfigurationIsVisible = 0;
			defaultConfigurationName = Release;
		};
/* End XCConfigurationList section */
	};
	rootObject = E0969E9F1C6CEC2000932AA0 /* Project object */;
}
